
Microsoft Visual Studio Solution File, Format Version 12.00
# Visual Studio 15
VisualStudioVersion = 15.0.28010.2036
MinimumVisualStudioVersion = 10.0.40219.1
Project("{FAE04EC0-301F-11D3-BF4B-00C04F79EFBC}") = "Lotto", "Lotto\Lotto.csproj", "{80B3481B-9FDA-4D99-A5EC-345A75CC08C1}"
EndProject
Global
	GlobalSection(SolutionConfigurationPlatforms) = preSolution
		Debug|Any CPU = Debug|Any CPU
		Release|Any CPU = Release|Any CPU
	EndGlobalSection
	GlobalSection(ProjectConfigurationPlatforms) = postSolution
		{80B3481B-9FDA-4D99-A5EC-345A75CC08C1}.Debug|Any CPU.ActiveCfg = Debug|Any CPU
		{80B3481B-9FDA-4D99-A5EC-345A75CC08C1}.Debug|Any CPU.Build.0 = Debug|Any CPU
		{80B3481B-9FDA-4D99-A5EC-345A75CC08C1}.Release|Any CPU.ActiveCfg = Release|Any CPU
		{80B3481B-9FDA-4D99-A5EC-345A75CC08C1}.Release|Any CPU.Build.0 = Release|Any CPU
	EndGlobalSection
	GlobalSection(SolutionProperties) = preSolution
		HideSolutionNode = FALSE
	EndGlobalSection
	GlobalSection(ExtensibilityGlobals) = postSolution
		SolutionGuid = {21D1B158-2F00-4C8A-857A-3B46167EE54E}
	EndGlobalSection
EndGlobal
