
Microsoft Visual Studio Solution File, Format Version 12.00
# Visual Studio 15
VisualStudioVersion = 15.0.28010.2036
MinimumVisualStudioVersion = 10.0.40219.1
Project("{FAE04EC0-301F-11D3-BF4B-00C04F79EFBC}") = "FunktionTask3", "FunktionTask3\FunktionTask3.csproj", "{4631345F-FE8C-41F2-AB1B-5722E399F522}"
EndProject
Global
	GlobalSection(SolutionConfigurationPlatforms) = preSolution
		Debug|Any CPU = Debug|Any CPU
		Release|Any CPU = Release|Any CPU
	EndGlobalSection
	GlobalSection(ProjectConfigurationPlatforms) = postSolution
		{4631345F-FE8C-41F2-AB1B-5722E399F522}.Debug|Any CPU.ActiveCfg = Debug|Any CPU
		{4631345F-FE8C-41F2-AB1B-5722E399F522}.Debug|Any CPU.Build.0 = Debug|Any CPU
		{4631345F-FE8C-41F2-AB1B-5722E399F522}.Release|Any CPU.ActiveCfg = Release|Any CPU
		{4631345F-FE8C-41F2-AB1B-5722E399F522}.Release|Any CPU.Build.0 = Release|Any CPU
	EndGlobalSection
	GlobalSection(SolutionProperties) = preSolution
		HideSolutionNode = FALSE
	EndGlobalSection
	GlobalSection(ExtensibilityGlobals) = postSolution
		SolutionGuid = {FEAEBF4E-A2CB-4D88-9CD3-05F0CD5A3BE1}
	EndGlobalSection
EndGlobal
