
Microsoft Visual Studio Solution File, Format Version 12.00
# Visual Studio 15
VisualStudioVersion = 15.0.28010.2036
MinimumVisualStudioVersion = 10.0.40219.1
Project("{FAE04EC0-301F-11D3-BF4B-00C04F79EFBC}") = "ArrayTask1_2", "ArrayTask1_2\ArrayTask1_2.csproj", "{6032677D-0F3C-42C0-A9FD-5B0CCBC10514}"
EndProject
Global
	GlobalSection(SolutionConfigurationPlatforms) = preSolution
		Debug|Any CPU = Debug|Any CPU
		Release|Any CPU = Release|Any CPU
	EndGlobalSection
	GlobalSection(ProjectConfigurationPlatforms) = postSolution
		{6032677D-0F3C-42C0-A9FD-5B0CCBC10514}.Debug|Any CPU.ActiveCfg = Debug|Any CPU
		{6032677D-0F3C-42C0-A9FD-5B0CCBC10514}.Debug|Any CPU.Build.0 = Debug|Any CPU
		{6032677D-0F3C-42C0-A9FD-5B0CCBC10514}.Release|Any CPU.ActiveCfg = Release|Any CPU
		{6032677D-0F3C-42C0-A9FD-5B0CCBC10514}.Release|Any CPU.Build.0 = Release|Any CPU
	EndGlobalSection
	GlobalSection(SolutionProperties) = preSolution
		HideSolutionNode = FALSE
	EndGlobalSection
	GlobalSection(ExtensibilityGlobals) = postSolution
		SolutionGuid = {DAFA513F-B985-4599-90AC-AA986C9A996C}
	EndGlobalSection
EndGlobal
