
Microsoft Visual Studio Solution File, Format Version 12.00
# Visual Studio 15
VisualStudioVersion = 15.0.28010.2036
MinimumVisualStudioVersion = 10.0.40219.1
Project("{FAE04EC0-301F-11D3-BF4B-00C04F79EFBC}") = "If1", "If1\If1.csproj", "{38B0099C-842F-42DA-917A-C94423D39892}"
EndProject
Global
	GlobalSection(SolutionConfigurationPlatforms) = preSolution
		Debug|Any CPU = Debug|Any CPU
		Release|Any CPU = Release|Any CPU
	EndGlobalSection
	GlobalSection(ProjectConfigurationPlatforms) = postSolution
		{38B0099C-842F-42DA-917A-C94423D39892}.Debug|Any CPU.ActiveCfg = Debug|Any CPU
		{38B0099C-842F-42DA-917A-C94423D39892}.Debug|Any CPU.Build.0 = Debug|Any CPU
		{38B0099C-842F-42DA-917A-C94423D39892}.Release|Any CPU.ActiveCfg = Release|Any CPU
		{38B0099C-842F-42DA-917A-C94423D39892}.Release|Any CPU.Build.0 = Release|Any CPU
	EndGlobalSection
	GlobalSection(SolutionProperties) = preSolution
		HideSolutionNode = FALSE
	EndGlobalSection
	GlobalSection(ExtensibilityGlobals) = postSolution
		SolutionGuid = {66628B57-B29B-49D5-A74C-BB3095D990EA}
	EndGlobalSection
EndGlobal
