
Microsoft Visual Studio Solution File, Format Version 12.00
# Visual Studio 15
VisualStudioVersion = 15.0.28010.2036
MinimumVisualStudioVersion = 10.0.40219.1
Project("{FAE04EC0-301F-11D3-BF4B-00C04F79EFBC}") = "If2", "If2\If2.csproj", "{B02128C8-9672-43E4-B3E2-2E1F04224009}"
EndProject
Global
	GlobalSection(SolutionConfigurationPlatforms) = preSolution
		Debug|Any CPU = Debug|Any CPU
		Release|Any CPU = Release|Any CPU
	EndGlobalSection
	GlobalSection(ProjectConfigurationPlatforms) = postSolution
		{B02128C8-9672-43E4-B3E2-2E1F04224009}.Debug|Any CPU.ActiveCfg = Debug|Any CPU
		{B02128C8-9672-43E4-B3E2-2E1F04224009}.Debug|Any CPU.Build.0 = Debug|Any CPU
		{B02128C8-9672-43E4-B3E2-2E1F04224009}.Release|Any CPU.ActiveCfg = Release|Any CPU
		{B02128C8-9672-43E4-B3E2-2E1F04224009}.Release|Any CPU.Build.0 = Release|Any CPU
	EndGlobalSection
	GlobalSection(SolutionProperties) = preSolution
		HideSolutionNode = FALSE
	EndGlobalSection
	GlobalSection(ExtensibilityGlobals) = postSolution
		SolutionGuid = {B67B7FE9-8988-437E-BFD6-A253708FD251}
	EndGlobalSection
EndGlobal
