
Microsoft Visual Studio Solution File, Format Version 12.00
# Visual Studio 15
VisualStudioVersion = 15.0.28010.2036
MinimumVisualStudioVersion = 10.0.40219.1
Project("{FAE04EC0-301F-11D3-BF4B-00C04F79EFBC}") = "IfTicketPrice", "IfTicketPrice\IfTicketPrice.csproj", "{D983702B-21BB-4BD3-836C-1F80E2994ABE}"
EndProject
Global
	GlobalSection(SolutionConfigurationPlatforms) = preSolution
		Debug|Any CPU = Debug|Any CPU
		Release|Any CPU = Release|Any CPU
	EndGlobalSection
	GlobalSection(ProjectConfigurationPlatforms) = postSolution
		{D983702B-21BB-4BD3-836C-1F80E2994ABE}.Debug|Any CPU.ActiveCfg = Debug|Any CPU
		{D983702B-21BB-4BD3-836C-1F80E2994ABE}.Debug|Any CPU.Build.0 = Debug|Any CPU
		{D983702B-21BB-4BD3-836C-1F80E2994ABE}.Release|Any CPU.ActiveCfg = Release|Any CPU
		{D983702B-21BB-4BD3-836C-1F80E2994ABE}.Release|Any CPU.Build.0 = Release|Any CPU
	EndGlobalSection
	GlobalSection(SolutionProperties) = preSolution
		HideSolutionNode = FALSE
	EndGlobalSection
	GlobalSection(ExtensibilityGlobals) = postSolution
		SolutionGuid = {04B4A97D-F074-49B8-B751-202E900C8FFB}
	EndGlobalSection
EndGlobal
